
Microsoft Visual Studio Solution File, Format Version 12.00
Project("{FAE04EC0-301F-11D3-BF4B-00C04F79EFBC}") = "Is", "Is\Is.csproj", "{28D1B945-CCCF-4C4F-947F-FDDEE4CD626C}"
EndProject
Global
	GlobalSection(SolutionConfigurationPlatforms) = preSolution
		Debug|Any CPU = Debug|Any CPU
		Release|Any CPU = Release|Any CPU
	EndGlobalSection
	GlobalSection(ProjectConfigurationPlatforms) = postSolution
		{28D1B945-CCCF-4C4F-947F-FDDEE4CD626C}.Debug|Any CPU.ActiveCfg = Debug|Any CPU
		{28D1B945-CCCF-4C4F-947F-FDDEE4CD626C}.Debug|Any CPU.Build.0 = Debug|Any CPU
		{28D1B945-CCCF-4C4F-947F-FDDEE4CD626C}.Release|Any CPU.ActiveCfg = Release|Any CPU
		{28D1B945-CCCF-4C4F-947F-FDDEE4CD626C}.Release|Any CPU.Build.0 = Release|Any CPU
	EndGlobalSection
EndGlobal
